{
  "name": "generated-theme",
  "version": "0.0.1",
  "lockfileVersion": 1,
  "requires": true,
  "dependencies": {
    "@types/node": {
      "version": "7.0.69",
      "resolved": "https://registry.npmjs.org/@types/node/-/node-7.0.69.tgz",
      "integrity": "sha512-S5NC8HV6HnRipg8nC0j30TPl7ktXjRTKqgyINLNe8K/64UJUI8Lq0sRopXC0hProsV2F5ibj8IqPkl1xpGggrw==",
      "dev": true
    },
    "typescript": {
      "version": "2.9.2",
      "resolved": "https://registry.npmjs.org/typescript/-/typescript-2.9.2.tgz",
      "integrity": "sha512-Gr4p6nFNaoufRIY4NMdpQRNmgxVIGMs4Fcu/ujdYk3nAZqk7supzBE9idmvfZIlH/Cuj//dvi+019qEue9lV0w==",
      "dev": true
    },
    "vscode-theme-generator": {
      "version": "0.0.19",
      "resolved": "https://registry.npmjs.org/vscode-theme-generator/-/vscode-theme-generator-0.0.19.tgz",
      "integrity": "sha1-C0Rbm1b4zXx7eE8TCVaITu50h54=",
      "dev": true
    }
  }
}
